
Microsoft Visual Studio Solution File, Format Version 12.00
# Visual Studio Version 17
VisualStudioVersion = 17.11.35219.272
MinimumVisualStudioVersion = 10.0.40219.1
Project("{FAE04EC0-301F-11D3-BF4B-00C04F79EFBC}") = "Balinga", "Balinga.csproj", "{EC88C617-2843-4DAF-B63B-A0D58F83A5DD}"
EndProject
Global
	GlobalSection(SolutionConfigurationPlatforms) = preSolution
		Debug|Any CPU = Debug|Any CPU
		Release|Any CPU = Release|Any CPU
	EndGlobalSection
	GlobalSection(ProjectConfigurationPlatforms) = postSolution
		{EC88C617-2843-4DAF-B63B-A0D58F83A5DD}.Debug|Any CPU.ActiveCfg = Debug|Any CPU
		{EC88C617-2843-4DAF-B63B-A0D58F83A5DD}.Debug|Any CPU.Build.0 = Debug|Any CPU
		{EC88C617-2843-4DAF-B63B-A0D58F83A5DD}.Release|Any CPU.ActiveCfg = Release|Any CPU
		{EC88C617-2843-4DAF-B63B-A0D58F83A5DD}.Release|Any CPU.Build.0 = Release|Any CPU
	EndGlobalSection
	GlobalSection(SolutionProperties) = preSolution
		HideSolutionNode = FALSE
	EndGlobalSection
	GlobalSection(ExtensibilityGlobals) = postSolution
		SolutionGuid = {0B7BDCDC-6DEF-4C34-9528-7756CC784C83}
	EndGlobalSection
EndGlobal
